PODS:
  - Firebase/AdMob (5.20.1):
    - Firebase/Core
    - Google-Mobile-Ads-SDK (~> 7.42)
  - Firebase/Core (5.20.1):
    - Firebase/CoreOnly
    - FirebaseAnalytics (= 5.8.0)
  - Firebase/CoreOnly (5.20.1):
    - FirebaseCore (= 5.4.1)
  - FirebaseAnalytics (5.8.0):
    - FirebaseCore (~> 5.4)
    - FirebaseInstanceID (~> 3.8)
    - GoogleAppMeasurement (= 5.8.0)
    - GoogleUtilities/AppDelegateSwizzler (~> 5.2)
    - GoogleUtilities/MethodSwizzler (~> 5.2)
    - GoogleUtilities/Network (~> 5.2)
    - "GoogleUtilities/NSData+zlib (~> 5.2)"
    - nanopb (~> 0.3)
  - FirebaseCore (5.4.1):
    - GoogleUtilities/Environment (~> 5.2)
    - GoogleUtilities/Logger (~> 5.2)
  - FirebaseInstanceID (3.8.1):
    - FirebaseCore (~> 5.2)
    - GoogleUtilities/Environment (~> 5.2)
    - GoogleUtilities/UserDefaults (~> 5.2)
  - FMDB (2.7.5):
    - FMDB/standard (= 2.7.5)
  - FMDB/standard (2.7.5)
  - FSCalendar (2.8.0)
  - Google-Mobile-Ads-SDK (7.42.2):
    - GoogleAppMeasurement (~> 5.7)
  - GoogleAppMeasurement (5.8.0):
    - GoogleUtilities/AppDelegateSwizzler (~> 5.2)
    - GoogleUtilities/MethodSwizzler (~> 5.2)
    - GoogleUtilities/Network (~> 5.2)
    - "GoogleUtilities/NSData+zlib (~> 5.2)"
    - nanopb (~> 0.3)
  - GoogleUtilities/AppDelegateSwizzler (5.5.0):
    - GoogleUtilities/Environment
    - GoogleUtilities/Logger
    - GoogleUtilities/Network
  - GoogleUtilities/Environment (5.5.0)
  - GoogleUtilities/Logger (5.5.0):
    - GoogleUtilities/Environment
  - GoogleUtilities/MethodSwizzler (5.5.0):
    - GoogleUtilities/Logger
  - GoogleUtilities/Network (5.5.0):
    - GoogleUtilities/Logger
    - "GoogleUtilities/NSData+zlib"
    - GoogleUtilities/Reachability
  - "GoogleUtilities/NSData+zlib (5.5.0)"
  - GoogleUtilities/Reachability (5.5.0):
    - GoogleUtilities/Logger
  - GoogleUtilities/UserDefaults (5.5.0):
    - GoogleUtilities/Logger
  - GradientLoadingBar (1.1.15)
  - IQKeyboardManagerSwift (6.2.1)
  - MaterialComponents/AnimationTiming (80.0.0)
  - MaterialComponents/Buttons (80.0.0):
    - MaterialComponents/Ink
    - MaterialComponents/private/Math
    - MaterialComponents/ShadowElevations
    - MaterialComponents/ShadowLayer
    - MaterialComponents/Shapes
    - MaterialComponents/Typography
    - MDFInternationalization
    - MDFTextAccessibility
  - MaterialComponents/Ink (80.0.0):
    - MaterialComponents/private/Math
  - MaterialComponents/OverlayWindow (80.0.0):
    - MaterialComponents/private/Application
  - MaterialComponents/private/Application (80.0.0)
  - MaterialComponents/private/KeyboardWatcher (80.0.0):
    - MaterialComponents/private/Application
  - MaterialComponents/private/Math (80.0.0)
  - MaterialComponents/private/Overlay (80.0.0)
  - MaterialComponents/ShadowElevations (80.0.0)
  - MaterialComponents/ShadowLayer (80.0.0):
    - MaterialComponents/ShadowElevations
  - MaterialComponents/Shapes (80.0.0):
    - MaterialComponents/private/Math
    - MaterialComponents/ShadowLayer
  - MaterialComponents/Snackbar (80.0.0):
    - MaterialComponents/AnimationTiming
    - MaterialComponents/Buttons
    - MaterialComponents/OverlayWindow
    - MaterialComponents/private/Application
    - MaterialComponents/private/KeyboardWatcher
    - MaterialComponents/private/Overlay
    - MaterialComponents/Typography
  - MaterialComponents/Typography (80.0.0):
    - MaterialComponents/private/Application
    - MaterialComponents/private/Math
  - MDFInternationalization (2.0.0)
  - MDFTextAccessibility (2.0.0)
  - nanopb (0.3.901):
    - nanopb/decode (= 0.3.901)
    - nanopb/encode (= 0.3.901)
  - nanopb/decode (0.3.901)
  - nanopb/encode (0.3.901)
  - SCLAlertView (0.8)
  - SwiftyStoreKit (0.14.2)
  - WhatsNewKit (1.1.8)
  - Zip (1.1.0)

DEPENDENCIES:
  - Firebase/AdMob
  - Firebase/Core
  - FMDB
  - FSCalendar
  - Google-Mobile-Ads-SDK
  - GradientLoadingBar (~> 1.0)
  - IQKeyboardManagerSwift
  - MaterialComponents/Snackbar
  - SCLAlertView
  - SwiftyStoreKit
  - WhatsNewKit
  - Zip (~> 1.1)

SPEC REPOS:
  https://github.com/cocoapods/specs.git:
    - Firebase
    - FirebaseAnalytics
    - FirebaseCore
    - FirebaseInstanceID
    - FMDB
    - FSCalendar
    - Google-Mobile-Ads-SDK
    - GoogleAppMeasurement
    - GoogleUtilities
    - GradientLoadingBar
    - IQKeyboardManagerSwift
    - MaterialComponents
    - MDFInternationalization
    - MDFTextAccessibility
    - nanopb
    - SCLAlertView
    - SwiftyStoreKit
    - WhatsNewKit
    - Zip

SPEC CHECKSUMS:
  Firebase: 2f5235e62f141cb86181c3af0dfe4509706351ac
  FirebaseAnalytics: fd72a26bf8dac84cefba2f0864366f718555a5b0
  FirebaseCore: f1a9a8be1aee4bf71a2fc0f4096df6788bdfda61
  FirebaseInstanceID: a122b0c258720cf250551bb2bedf48c699f80d90
  FMDB: 2ce00b547f966261cd18927a3ddb07cb6f3db82a
  FSCalendar: 3a5ed3636e2ba1b83ebebfcf0c2603105a6f5efe
  Google-Mobile-Ads-SDK: 8f4f7e793bfd3fff5b082181b54112f81b579a67
  GoogleAppMeasurement: 1624046ab1bcc5e170061a56ef5679000b079c8e
  GoogleUtilities: 6481e6318c5fcabaaa8513ef8120f329055d7c10
  GradientLoadingBar: 7d390dbfc3ead827a71a6af39a79533aa432eb37
  IQKeyboardManagerSwift: 0f0ae8935360b4003e6ea1ac7c19898f01e2f7c7
  MaterialComponents: fcd7ab0d6087bce852e2c60c2c712809f76c7f9e
  MDFInternationalization: 010097556d6b09d2c4ea38e0820ea6d37be6a314
  MDFTextAccessibility: 85c09a1bd9c321f494348e632a25063bcda35a53
  nanopb: 2901f78ea1b7b4015c860c2fdd1ea2fee1a18d48
  SCLAlertView: 6a77bb2edfc65e04dbe57725546cb4107a506b85
  SwiftyStoreKit: cc399645796b094022fb650c148a0aed25995873
  WhatsNewKit: 971d8dc185b2c73a9a3706a4cce27e8e955b3459
  Zip: 8877eede3dda76bcac281225c20e71c25270774c

PODFILE CHECKSUM: f70498feead80e50971da80ba41cc7aa4f54181e

COCOAPODS: 1.5.3
